
  "name": "teamprojectapp",
  "version": "1.0.0",
  "lockfileVersion": 1
  "requires": true,
  "packages": {
    "": {
      "name": "quizelle",
      "version": "1.0.0",
      "license": "ISC",
      "dependencies": {
        "bcrypt": "^5.0.0",
        "dotenv": "^8.2.0",
        "express": "^4.17.1",
        "express-handlebars": "^5.2.0",
        "mysql2": "^2.2.5",
        "sequelize": "^6.3.5"
      }
    
  "name": "teamprojectapp",
  "version": "1.0.0",
  "lockfileVersion": 1
